# THIS IS AN AUTOGENERATED FILE. DO NOT EDIT THIS FILE DIRECTLY.
# yarn lockfile v1


"@snyk/composer-lockfile-parser@1.0.3":
  version "1.0.3"
  resolved "https://registry.yarnpkg.com/@snyk/composer-lockfile-parser/-/composer-lockfile-parser-1.0.3.tgz#4b703883ec36f3cec63c64355031e06698c771f5"
  integrity sha512-hb+6E7kMzWlcwfe//ILDoktBPKL2a3+RnJT/CXnzRXaiLQpsdkf5li4q2v0fmvd+4v7L3tTN8KM+//lJyviEkg==
  dependencies:
    lodash "^4.17.13"

debug@3.0.0:
  version "3.0.0"
  resolved "http://artifactory.dev.snyk.io/artifactory/api/npm/npm-deps-test-public/debug/-/debug-3.0.0.tgz#8b257427dcf769a3b341b2b432c9116fa965110f"
  integrity sha1-iyV0J9z3aaOzQbK0MskRb6llEQ8=
  dependencies:
    ms "2.0.0"

lodash@^4.17.13:
  version "4.17.20"
  resolved "https://registry.yarnpkg.com/lodash/-/lodash-4.17.20.tgz#b44a9b6297bcb698f1c51a3545a2b3b368d59c52"
  integrity sha512-PlhdFcillOINfeV7Ni6oF1TAEayyZBoZ8bcshTHqOYJYlrqzRK5hagpagky5o4HfCzzd1TRkXPMFq6cKk9rGmA==

ms@2.0.0:
  version "2.0.0"
  resolved "http://artifactory.dev.snyk.io/artifactory/api/npm/npm-deps-test-public/ms/-/ms-2.0.0.tgz#c50a51e1a1308ab14fe02a775c41d38079d14084"
  integrity sha1-xQpR4aEwirFP4Cp3XEHTgHnRQIQ=
