# THIS IS AN AUTOGENERATED FILE. DO NOT EDIT THIS FILE DIRECTLY.
# yarn lockfile v1


"@snyk/composer-lockfile-parser@1.0.3":
  version "1.0.3"
  resolved "http://artifactory.dev.snyk.io/artifactory/api/npm/npm-deps-test-public/@snyk/composer-lockfile-parser/-/@snyk/composer-lockfile-parser-1.0.3.tgz#76b32d4054f746de900201291ee921323f448cd4"
  integrity sha1-drMtQFT3Rt6QAgEpHukhMj9EjNQ=
  dependencies:
    lodash "^4.17.13"

debug@3.0.0:
  version "3.0.0"
  resolved "http://artifactory.dev.snyk.io/artifactory/api/npm/npm-deps-test-public/debug/-/debug-3.0.0.tgz#8b257427dcf769a3b341b2b432c9116fa965110f"
  integrity sha1-iyV0J9z3aaOzQbK0MskRb6llEQ8=
  dependencies:
    ms "2.0.0"

lodash@^4.17.13:
  version "4.17.15"
  resolved "http://artifactory.dev.snyk.io/artifactory/api/npm/npm-deps-test-public/lodash/lodash-4.17.15.tgz#594818777a9c958f0ed41502ab9070e93327795d"
  integrity sha1-WUgYd3qclY8O1BUCq5Bw6TMneV0=

ms@2.0.0:
  version "2.0.0"
  resolved "http://artifactory.dev.snyk.io/artifactory/api/npm/npm-deps-test-public/ms/-/ms-2.0.0.tgz#c50a51e1a1308ab14fe02a775c41d38079d14084"
  integrity sha1-xQpR4aEwirFP4Cp3XEHTgHnRQIQ=
