{
  "name": "artifatory-broker-vulns",
  "version": "1.0.0",
  "lockfileVersion": 1,
  "requires": true,
  "dependencies": {
    "@snyk/composer-lockfile-parser": {
      "version": "1.0.2",
      "resolved": "http://artifactory.dev.snyk.io/artifactory/api/npm/npm-deps-test-public/@snyk/composer-lockfile-parser/-/@snyk/composer-lockfile-parser-1.0.2.tgz",
      "integrity": "sha1-5Qh2yyd0f7pS0/Vj/Hkfxtv4h6Q=",
      "requires": {
        "lodash": "4.17.11"
      }
    },
    "debug": {
      "version": "3.1.0",
      "resolved": "https://broker.dev.snyk.io/broker/d5d4869f-6b22-4d09-b2c4-bf0bf9d589d1/api/npm/npm-deps-test/debug/-/debug-3.1.0.tgz",
      "integrity": "sha1-1IP2ZEAdIb0i6zijDx1mPKyajp4=",
      "requires": {
        "ms": "2.0.0"
      }
    },
    "lodash": {
      "version": "4.17.11",
      "resolved": "http://artifactory.dev.snyk.io/artifactory/api/npm/npm-deps-test-public/lodash/lodash-4.17.11.tgz",
      "integrity": "sha1-wYYggYHbflh8X0hEW/yLSZR86Co="
    },
    "ms": {
      "version": "2.0.0",
      "resolved": "https://broker.dev.snyk.io/broker/d5d4869f-6b22-4d09-b2c4-bf0bf9d589d1/api/npm/npm-deps-test/ms/-/ms-2.0.0.tgz",
      "integrity": "sha1-xQpR4aEwirFP4Cp3XEHTgHnRQIQ="
    }
  }
}
