{
  "name": "artifatory-broker-vulns",
  "version": "1.0.0",
  "lockfileVersion": 1,
  "requires": true,
  "dependencies": {
    "@snyk/composer-lockfile-parser": {
      "version": "1.4.0",
      "resolved": "https://registry.npmjs.org/@snyk/composer-lockfile-parser/-/composer-lockfile-parser-1.4.0.tgz",
      "integrity": "sha512-ga4YTRjJUuP0Ufr+t1IucwVjEFAv66JSBB/zVHP2zy/jmfA3l3ZjlGQSjsRC6Me9P2Z0esQ83AYNZvmIf9pq2w==",
      "requires": {
        "@snyk/lodash": "^4.17.15-patch"
      }
    },
    "@snyk/lodash": {
      "version": "4.17.15-patch",
      "resolved": "https://registry.npmjs.org/@snyk/lodash/-/lodash-4.17.15-patch.tgz",
      "integrity": "sha512-e4+t34bGyjjRnwXwI14hqye9J/nRbG9iwaqTgXWHskm5qC+iK0UrjgYdWXiHJCf3Plbpr+1rpW+4LPzZnCGMhQ=="
    },
    "debug": {
      "version": "3.0.0",
      "resolved": "http://artifactory.dev.snyk.io/artifactory/api/npm/npm-deps-test-public/debug/-/debug-3.0.0.tgz",
      "integrity": "sha1-iyV0J9z3aaOzQbK0MskRb6llEQ8=",
      "requires": {
        "ms": "2.0.0"
      }
    },
    "ms": {
      "version": "2.0.0",
      "resolved": "http://artifactory.dev.snyk.io/artifactory/api/npm/npm-deps-test-public/ms/-/ms-2.0.0.tgz",
      "integrity": "sha1-xQpR4aEwirFP4Cp3XEHTgHnRQIQ="
    }
  }
}
